
Microsoft Visual Studio Solution File, Format Version 12.00
# Visual Studio Version 17
VisualStudioVersion = 17.11.35222.181
MinimumVisualStudioVersion = 10.0.40219.1
Project("{FAE04EC0-301F-11D3-BF4B-00C04F79EFBC}") = "LethalOverlays", "LethalOverlays\LethalOverlays.csproj", "{932C5C01-5308-4234-AE9E-8B8AA3D00665}"
EndProject
Global
	GlobalSection(SolutionConfigurationPlatforms) = preSolution
		Debug|Any CPU = Debug|Any CPU
		Release|Any CPU = Release|Any CPU
	EndGlobalSection
	GlobalSection(ProjectConfigurationPlatforms) = postSolution
		{932C5C01-5308-4234-AE9E-8B8AA3D00665}.Debug|Any CPU.ActiveCfg = Debug|Any CPU
		{932C5C01-5308-4234-AE9E-8B8AA3D00665}.Debug|Any CPU.Build.0 = Debug|Any CPU
		{932C5C01-5308-4234-AE9E-8B8AA3D00665}.Release|Any CPU.ActiveCfg = Release|Any CPU
		{932C5C01-5308-4234-AE9E-8B8AA3D00665}.Release|Any CPU.Build.0 = Release|Any CPU
	EndGlobalSection
	GlobalSection(SolutionProperties) = preSolution
		HideSolutionNode = FALSE
	EndGlobalSection
	GlobalSection(ExtensibilityGlobals) = postSolution
		SolutionGuid = {DC83D521-52E9-42FF-91F4-3523462F8843}
	EndGlobalSection
EndGlobal
